<?xml version="1.0" encoding="utf-8"?>
<Project ToolsVersion="4.0" xmlns="http://schemas.microsoft.com/developer/msbuild/2003">
  <ItemGroup>
    <Filter Include="Source Files">
      <UniqueIdentifier>{4FC737F1-C7A5-4376-A066-2A32D752A2FF}</UniqueIdentifier>
      <Extensions>cpp;c;cc;cxx;c++;cppm;ixx;def;odl;idl;hpj;bat;asm;asmx</Extensions>
    </Filter>
    <Filter Include="Header Files">
      <UniqueIdentifier>{93995380-89BD-4b04-88EB-625FBE52EBFB}</UniqueIdentifier>
      <Extensions>h;hh;hpp;hxx;h++;hm;inl;inc;ipp;xsd</Extensions>
    </Filter>
    <Filter Include="Resource Files">
      <UniqueIdentifier>{67DA6AB6-F800-4c08-8B7A-83BB121AAD01}</UniqueIdentifier>
      <Extensions>rc;ico;cur;bmp;dlg;rc2;rct;bin;rgs;gif;jpg;jpeg;jpe;resx;tiff;tif;png;wav;mfcribbon-ms</Extensions>
    </Filter>
    <Filter Include="Source Files\Code">
      <UniqueIdentifier>{c69f0616-f9d3-4166-b01c-c22ab32fcc15}</UniqueIdentifier>
    </Filter>
    <Filter Include="Source Files\Shaders">
      <UniqueIdentifier>{66d60db0-2ec2-425d-ba14-72532738454a}</UniqueIdentifier>
    </Filter>
    <Filter Include="Source Files\imgui">
      <UniqueIdentifier>{c227bc75-fcbf-4487-bc70-bbfaa8ca0570}</UniqueIdentifier>
    </Filter>
  </ItemGroup>
  <ItemGroup>
    <ClCompile Include="Code\main.cpp">
      <Filter>Source Files\Code</Filter>
    </ClCompile>
    <ClCompile Include="Code\imgui\imgui.cpp">
      <Filter>Source Files\imgui</Filter>
    </ClCompile>
    <ClCompile Include="Code\imgui\imgui_draw.cpp">
      <Filter>Source Files\imgui</Filter>
    </ClCompile>
    <ClCompile Include="Code\imgui\imgui_impl_dx11.cpp">
      <Filter>Source Files\imgui</Filter>
    </ClCompile>
    <ClCompile Include="Code\imgui\imgui_impl_win32.cpp">
      <Filter>Source Files\imgui</Filter>
    </ClCompile>
    <ClCompile Include="Code\imgui\imgui_tables.cpp">
      <Filter>Source Files\imgui</Filter>
    </ClCompile>
    <ClCompile Include="Code\imgui\imgui_widgets.cpp">
      <Filter>Source Files\imgui</Filter>
    </ClCompile>
    <ClCompile Include="Code\imgui\imgui_demo.cpp">
      <Filter>Source Files\imgui</Filter>
    </ClCompile>
  </ItemGroup>
  <ItemGroup>
    <ClInclude Include="Code\imgui\imconfig.h">
      <Filter>Source Files\imgui</Filter>
    </ClInclude>
    <ClInclude Include="Code\imgui\imgui.h">
      <Filter>Source Files\imgui</Filter>
    </ClInclude>
    <ClInclude Include="Code\imgui\imgui_impl_dx11.h">
      <Filter>Source Files\imgui</Filter>
    </ClInclude>
    <ClInclude Include="Code\imgui\imgui_impl_win32.h">
      <Filter>Source Files\imgui</Filter>
    </ClInclude>
    <ClInclude Include="Code\imgui\imgui_internal.h">
      <Filter>Source Files\imgui</Filter>
    </ClInclude>
    <ClInclude Include="Code\imgui\imstb_rectpack.h">
      <Filter>Source Files\imgui</Filter>
    </ClInclude>
    <ClInclude Include="Code\imgui\imstb_textedit.h">
      <Filter>Source Files\imgui</Filter>
    </ClInclude>
    <ClInclude Include="Code\imgui\imstb_truetype.h">
      <Filter>Source Files\imgui</Filter>
    </ClInclude>
    <ClInclude Include="Code\tsr_macros.h">
      <Filter>Source Files\Code</Filter>
    </ClInclude>
    <ClInclude Include="Code\tsr_types.cpp">
      <Filter>Source Files\Code</Filter>
    </ClInclude>
    <ClInclude Include="Code\platform\tsr_platform.cpp">
      <Filter>Source Files\Code</Filter>
    </ClInclude>
    <ClInclude Include="Code\tsr_gui.h">
      <Filter>Source Files\Code</Filter>
    </ClInclude>
    <ClInclude Include="Code\tsr_dx11.cpp">
      <Filter>Source Files\Code</Filter>
    </ClInclude>
    <ClInclude Include="Code\tsr_rendering.cpp">
      <Filter>Source Files</Filter>
    </ClInclude>
    <ClInclude Include="Code\platform\tsr_win32.cpp">
      <Filter>Source Files</Filter>
    </ClInclude>
    <ClInclude Include="Code\tsr_profiling.cpp">
      <Filter>Source Files\Code</Filter>
    </ClInclude>
    <ClInclude Include="Code\tsr_assets.cpp">
      <Filter>Source Files</Filter>
    </ClInclude>
    <ClInclude Include="Code\tsr_eastl.h">
      <Filter>Source Files</Filter>
    </ClInclude>
    <ClInclude Include="Code\tsr_primitives.cpp">
      <Filter>Source Files</Filter>
    </ClInclude>
    <ClInclude Include="Code\tsr_camera.cpp">
      <Filter>Source Files</Filter>
    </ClInclude>
    <ClInclude Include="Code\tsr_lights.cpp">
      <Filter>Source Files</Filter>
    </ClInclude>
    <ClInclude Include="Code\tsr_math.h">
      <Filter>Header Files</Filter>
    </ClInclude>
  </ItemGroup>
  <ItemGroup>
    <FxCompile Include="Shaders\mainPS.hlsl">
      <Filter>Source Files\Shaders</Filter>
    </FxCompile>
    <FxCompile Include="Shaders\mainVS.hlsl">
      <Filter>Source Files\Shaders</Filter>
    </FxCompile>
    <FxCompile Include="Shaders\primitiveVS.hlsl" />
    <FxCompile Include="Shaders\primitivePS.hlsl" />
    <FxCompile Include="Shaders\depthVS.hlsl" />
    <FxCompile Include="Shaders\depthPS.hlsl" />
  </ItemGroup>
  <ItemGroup>
    <Natvis Include="Config\EASTL.natvis" />
  </ItemGroup>
</Project>